
Microsoft Visual Studio Solution File, Format Version 12.00
# Visual Studio Version 17
VisualStudioVersion = 17.1.32210.238
MinimumVisualStudioVersion = 10.0.40219.1
Project("{FAE04EC0-301F-11D3-BF4B-00C04F79EFBC}") = "TestInterview", "TestInterview\TestInterview.csproj", "{10ED70DA-6D1F-45CA-8149-8406F4495F3C}"
EndProject
Global
	GlobalSection(SolutionConfigurationPlatforms) = preSolution
		Debug|Any CPU = Debug|Any CPU
		Release|Any CPU = Release|Any CPU
	EndGlobalSection
	GlobalSection(ProjectConfigurationPlatforms) = postSolution
		{10ED70DA-6D1F-45CA-8149-8406F4495F3C}.Debug|Any CPU.ActiveCfg = Debug|Any CPU
		{10ED70DA-6D1F-45CA-8149-8406F4495F3C}.Debug|Any CPU.Build.0 = Debug|Any CPU
		{10ED70DA-6D1F-45CA-8149-8406F4495F3C}.Release|Any CPU.ActiveCfg = Release|Any CPU
		{10ED70DA-6D1F-45CA-8149-8406F4495F3C}.Release|Any CPU.Build.0 = Release|Any CPU
	EndGlobalSection
	GlobalSection(SolutionProperties) = preSolution
		HideSolutionNode = FALSE
	EndGlobalSection
	GlobalSection(ExtensibilityGlobals) = postSolution
		SolutionGuid = {EF3FE90D-4973-49D4-8851-593AF84E9D1C}
	EndGlobalSection
EndGlobal
